
Microsoft Visual Studio Solution File, Format Version 12.00
# Visual Studio Version 17
VisualStudioVersion = 17.8.34322.80
MinimumVisualStudioVersion = 10.0.40219.1
Project("{FAE04EC0-301F-11D3-BF4B-00C04F79EFBC}") = "WebApplication_MusicShop", "WebApplication_MusicShop.csproj", "{F733CB84-6BB5-4803-A60E-BEDC88CECBC1}"
EndProject
Global
	GlobalSection(SolutionConfigurationPlatforms) = preSolution
		Debug|Any CPU = Debug|Any CPU
		Release|Any CPU = Release|Any CPU
	EndGlobalSection
	GlobalSection(ProjectConfigurationPlatforms) = postSolution
		{F733CB84-6BB5-4803-A60E-BEDC88CECBC1}.Debug|Any CPU.ActiveCfg = Debug|Any CPU
		{F733CB84-6BB5-4803-A60E-BEDC88CECBC1}.Debug|Any CPU.Build.0 = Debug|Any CPU
		{F733CB84-6BB5-4803-A60E-BEDC88CECBC1}.Release|Any CPU.ActiveCfg = Release|Any CPU
		{F733CB84-6BB5-4803-A60E-BEDC88CECBC1}.Release|Any CPU.Build.0 = Release|Any CPU
	EndGlobalSection
	GlobalSection(SolutionProperties) = preSolution
		HideSolutionNode = FALSE
	EndGlobalSection
	GlobalSection(ExtensibilityGlobals) = postSolution
		SolutionGuid = {4040D11A-BAD9-43EE-BA37-78191E40D5B7}
	EndGlobalSection
EndGlobal
